// !$*UTF8*$!
{
	archiveVersion = 1;
	classes = {
	};
	objectVersion = 56;
	objects = {

/* Begin PBXBuildFile section */
		4B413E032AAA4C5C006E4CAA /* AppDelegate.swift in Sources */ = {isa = PBXBuildFile; fileRef = 4B413E022AAA4C5C006E4CAA /* AppDelegate.swift */; };
		4B413E042AAA4C5C006E4CAA /* AppDelegate.swift in Sources */ = {isa = PBXBuildFile; fileRef = 4B413E022AAA4C5C006E4CAA /* AppDelegate.swift */; };
		4B413E072AAA4F15006E4CAA /* InventoryItem.swift in Sources */ = {isa = PBXBuildFile; fileRef = 4B413E062AAA4F15006E4CAA /* InventoryItem.swift */; };
		4B413E082AAA4F15006E4CAA /* InventoryItem.swift in Sources */ = {isa = PBXBuildFile; fileRef = 4B413E062AAA4F15006E4CAA /* InventoryItem.swift */; };
		4B413E0B2AAA52CB006E4CAA /* InventoryListVM.swift in Sources */ = {isa = PBXBuildFile; fileRef = 4B413E0A2AAA52CB006E4CAA /* InventoryListVM.swift */; };
		4B413E0C2AAA52CB006E4CAA /* InventoryListVM.swift in Sources */ = {isa = PBXBuildFile; fileRef = 4B413E0A2AAA52CB006E4CAA /* InventoryListVM.swift */; };
		4B413E0E2AAA5423006E4CAA /* String+Extension.swift in Sources */ = {isa = PBXBuildFile; fileRef = 4B413E0D2AAA5423006E4CAA /* String+Extension.swift */; };
		4B413E0F2AAA5423006E4CAA /* String+Extension.swift in Sources */ = {isa = PBXBuildFile; fileRef = 4B413E0D2AAA5423006E4CAA /* String+Extension.swift */; };
		4B413E122AAA59DE006E4CAA /* InventoryListView.swift in Sources */ = {isa = PBXBuildFile; fileRef = 4B413E112AAA59DE006E4CAA /* InventoryListView.swift */; };
		4B6FD57A2AAB7F3A0053E5AF /* InventoryFormView.swift in Sources */ = {isa = PBXBuildFile; fileRef = 4B6FD5792AAB7F3A0053E5AF /* InventoryFormView.swift */; };
		4B6FD57D2AAB7F720053E5AF /* InventoryFormVM.swift in Sources */ = {isa = PBXBuildFile; fileRef = 4B6FD57C2AAB7F720053E5AF /* InventoryFormVM.swift */; };
		4BADA41F2AAA2D3D007B3DFC /* XCOrnamentInventoryApp.swift in Sources */ = {isa = PBXBuildFile; fileRef = 4BADA41E2AAA2D3D007B3DFC /* XCOrnamentInventoryApp.swift */; };
		4BADA4232AAA2D3F007B3DFC /* Assets.xcassets in Resources */ = {isa = PBXBuildFile; fileRef = 4BADA4222AAA2D3F007B3DFC /* Assets.xcassets */; };
		4BADA4262AAA2D3F007B3DFC /* Preview Assets.xcassets in Resources */ = {isa = PBXBuildFile; fileRef = 4BADA4252AAA2D3F007B3DFC /* Preview Assets.xcassets */; };
		4BADA4352AAA3BCA007B3DFC /* RealityKitContent in Frameworks */ = {isa = PBXBuildFile; productRef = 4BADA4342AAA3BCA007B3DFC /* RealityKitContent */; };
		4BADA4372AAA3BCA007B3DFC /* XCOrnamentInventoryVisionApp.swift in Sources */ = {isa = PBXBuildFile; fileRef = 4BADA4362AAA3BCA007B3DFC /* XCOrnamentInventoryVisionApp.swift */; };
		4BADA4392AAA3BCA007B3DFC /* ContentView.swift in Sources */ = {isa = PBXBuildFile; fileRef = 4BADA4382AAA3BCA007B3DFC /* ContentView.swift */; };
		4BADA43B2AAA3BCD007B3DFC /* Assets.xcassets in Resources */ = {isa = PBXBuildFile; fileRef = 4BADA43A2AAA3BCD007B3DFC /* Assets.xcassets */; };
		4BADA43E2AAA3BCD007B3DFC /* Preview Assets.xcassets in Resources */ = {isa = PBXBuildFile; fileRef = 4BADA43D2AAA3BCD007B3DFC /* Preview Assets.xcassets */; };
		4BADA4452AAA3D95007B3DFC /* FirebaseFirestore in Frameworks */ = {isa = PBXBuildFile; productRef = 4BADA4442AAA3D95007B3DFC /* FirebaseFirestore */; };
		4BADA4472AAA3D96007B3DFC /* FirebaseFirestoreSwift in Frameworks */ = {isa = PBXBuildFile; productRef = 4BADA4462AAA3D96007B3DFC /* FirebaseFirestoreSwift */; };
		4BADA4492AAA3D96007B3DFC /* FirebaseStorage in Frameworks */ = {isa = PBXBuildFile; productRef = 4BADA4482AAA3D96007B3DFC /* FirebaseStorage */; };
		4BADA44B2AAA3DB0007B3DFC /* FirebaseFirestore in Frameworks */ = {isa = PBXBuildFile; productRef = 4BADA44A2AAA3DB0007B3DFC /* FirebaseFirestore */; };
		4BADA44D2AAA3DB0007B3DFC /* FirebaseFirestoreSwift in Frameworks */ = {isa = PBXBuildFile; productRef = 4BADA44C2AAA3DB0007B3DFC /* FirebaseFirestoreSwift */; };
		4BADA44F2AAA3DB0007B3DFC /* FirebaseStorage in Frameworks */ = {isa = PBXBuildFile; productRef = 4BADA44E2AAA3DB0007B3DFC /* FirebaseStorage */; };
		4BADA4512AAA3E9A007B3DFC /* GoogleService-Info.plist in Resources */ = {isa = PBXBuildFile; fileRef = 4BADA4502AAA3E99007B3DFC /* GoogleService-Info.plist */; };
		4BADA4532AAA3EF2007B3DFC /* GoogleService-Info.plist in Resources */ = {isa = PBXBuildFile; fileRef = 4BADA4522AAA3EF2007B3DFC /* GoogleService-Info.plist */; };
/* End PBXBuildFile section */

/* Begin PBXFileReference section */
		4B413DFF2AAA4BCC006E4CAA /* Info.plist */ = {isa = PBXFileReference; lastKnownFileType = text.plist; path = Info.plist; sourceTree = "<group>"; };
		4B413E002AAA4BF4006E4CAA /* Info.plist */ = {isa = PBXFileReference; lastKnownFileType = text.plist; path = Info.plist; sourceTree = "<group>"; };
		4B413E022AAA4C5C006E4CAA /* AppDelegate.swift */ = {isa = PBXFileReference; lastKnownFileType = sourcecode.swift; path = AppDelegate.swift; sourceTree = "<group>"; };
		4B413E062AAA4F15006E4CAA /* InventoryItem.swift */ = {isa = PBXFileReference; lastKnownFileType = sourcecode.swift; path = InventoryItem.swift; sourceTree = "<group>"; };
		4B413E0A2AAA52CB006E4CAA /* InventoryListVM.swift */ = {isa = PBXFileReference; lastKnownFileType = sourcecode.swift; path = InventoryListVM.swift; sourceTree = "<group>"; };
		4B413E0D2AAA5423006E4CAA /* String+Extension.swift */ = {isa = PBXFileReference; lastKnownFileType = sourcecode.swift; path = "String+Extension.swift"; sourceTree = "<group>"; };
		4B413E112AAA59DE006E4CAA /* InventoryListView.swift */ = {isa = PBXFileReference; lastKnownFileType = sourcecode.swift; path = InventoryListView.swift; sourceTree = "<group>"; };
		4B6FD5792AAB7F3A0053E5AF /* InventoryFormView.swift */ = {isa = PBXFileReference; lastKnownFileType = sourcecode.swift; path = InventoryFormView.swift; sourceTree = "<group>"; };
		4B6FD57C2AAB7F720053E5AF /* InventoryFormVM.swift */ = {isa = PBXFileReference; lastKnownFileType = sourcecode.swift; path = InventoryFormVM.swift; sourceTree = "<group>"; };
		4BADA41B2AAA2D3D007B3DFC /* XCOrnamentInventory.app */ = {isa = PBXFileReference; explicitFileType = wrapper.application; includeInIndex = 0; path = XCOrnamentInventory.app; sourceTree = BUILT_PRODUCTS_DIR; };
		4BADA41E2AAA2D3D007B3DFC /* XCOrnamentInventoryApp.swift */ = {isa = PBXFileReference; lastKnownFileType = sourcecode.swift; path = XCOrnamentInventoryApp.swift; sourceTree = "<group>"; };
		4BADA4222AAA2D3F007B3DFC /* Assets.xcassets */ = {isa = PBXFileReference; lastKnownFileType = folder.assetcatalog; path = Assets.xcassets; sourceTree = "<group>"; };
		4BADA4252AAA2D3F007B3DFC /* Preview Assets.xcassets */ = {isa = PBXFileReference; lastKnownFileType = folder.assetcatalog; path = "Preview Assets.xcassets"; sourceTree = "<group>"; };
		4BADA4302AAA3BCA007B3DFC /* XCOrnamentInventoryVision.app */ = {isa = PBXFileReference; explicitFileType = wrapper.application; includeInIndex = 0; path = XCOrnamentInventoryVision.app; sourceTree = BUILT_PRODUCTS_DIR; };
		4BADA4332AAA3BCA007B3DFC /* RealityKitContent */ = {isa = PBXFileReference; lastKnownFileType = wrapper; path = RealityKitContent; sourceTree = "<group>"; };
		4BADA4362AAA3BCA007B3DFC /* XCOrnamentInventoryVisionApp.swift */ = {isa = PBXFileReference; lastKnownFileType = sourcecode.swift; path = XCOrnamentInventoryVisionApp.swift; sourceTree = "<group>"; };
		4BADA4382AAA3BCA007B3DFC /* ContentView.swift */ = {isa = PBXFileReference; lastKnownFileType = sourcecode.swift; path = ContentView.swift; sourceTree = "<group>"; };
		4BADA43A2AAA3BCD007B3DFC /* Assets.xcassets */ = {isa = PBXFileReference; lastKnownFileType = folder.assetcatalog; path = Assets.xcassets; sourceTree = "<group>"; };
		4BADA43D2AAA3BCD007B3DFC /* Preview Assets.xcassets */ = {isa = PBXFileReference; lastKnownFileType = folder.assetcatalog; path = "Preview Assets.xcassets"; sourceTree = "<group>"; };
		4BADA4502AAA3E99007B3DFC /* GoogleService-Info.plist */ = {isa = PBXFileReference; fileEncoding = 4; lastKnownFileType = text.plist.xml; path = "GoogleService-Info.plist"; sourceTree = "<group>"; };
		4BADA4522AAA3EF2007B3DFC /* GoogleService-Info.plist */ = {isa = PBXFileReference; fileEncoding = 4; lastKnownFileType = text.plist.xml; path = "GoogleService-Info.plist"; sourceTree = "<group>"; };
/* End PBXFileReference section */

/* Begin PBXFrameworksBuildPhase section */
		4BADA4182AAA2D3D007B3DFC /* Frameworks */ = {
			isa = PBXFrameworksBuildPhase;
			buildActionMask = 2147483647;
			files = (
				4BADA4452AAA3D95007B3DFC /* FirebaseFirestore in Frameworks */,
				4BADA4472AAA3D96007B3DFC /* FirebaseFirestoreSwift in Frameworks */,
				4BADA4492AAA3D96007B3DFC /* FirebaseStorage in Frameworks */,
			);
			runOnlyForDeploymentPostprocessing = 0;
		};
		4BADA42D2AAA3BCA007B3DFC /* Frameworks */ = {
			isa = PBXFrameworksBuildPhase;
			buildActionMask = 2147483647;
			files = (
				4BADA4352AAA3BCA007B3DFC /* RealityKitContent in Frameworks */,
				4BADA44F2AAA3DB0007B3DFC /* FirebaseStorage in Frameworks */,
				4BADA44B2AAA3DB0007B3DFC /* FirebaseFirestore in Frameworks */,
				4BADA44D2AAA3DB0007B3DFC /* FirebaseFirestoreSwift in Frameworks */,
			);
			runOnlyForDeploymentPostprocessing = 0;
		};
/* End PBXFrameworksBuildPhase section */

/* Begin PBXGroup section */
		4B413E012AAA4C3D006E4CAA /* Shared */ = {
			isa = PBXGroup;
			children = (
				4B413E092AAA52B4006E4CAA /* Observables */,
				4B413E052AAA4F07006E4CAA /* Models */,
				4B413E022AAA4C5C006E4CAA /* AppDelegate.swift */,
				4B413E0D2AAA5423006E4CAA /* String+Extension.swift */,
			);
			path = Shared;
			sourceTree = "<group>";
		};
		4B413E052AAA4F07006E4CAA /* Models */ = {
			isa = PBXGroup;
			children = (
				4B413E062AAA4F15006E4CAA /* InventoryItem.swift */,
			);
			path = Models;
			sourceTree = "<group>";
		};
		4B413E092AAA52B4006E4CAA /* Observables */ = {
			isa = PBXGroup;
			children = (
				4B413E0A2AAA52CB006E4CAA /* InventoryListVM.swift */,
			);
			path = Observables;
			sourceTree = "<group>";
		};
		4B413E102AAA59CA006E4CAA /* Views */ = {
			isa = PBXGroup;
			children = (
				4B413E112AAA59DE006E4CAA /* InventoryListView.swift */,
				4B6FD5792AAB7F3A0053E5AF /* InventoryFormView.swift */,
			);
			path = Views;
			sourceTree = "<group>";
		};
		4B6FD57B2AAB7F570053E5AF /* Observables */ = {
			isa = PBXGroup;
			children = (
				4B6FD57C2AAB7F720053E5AF /* InventoryFormVM.swift */,
			);
			path = Observables;
			sourceTree = "<group>";
		};
		4BADA4122AAA2D3C007B3DFC = {
			isa = PBXGroup;
			children = (
				4B413E012AAA4C3D006E4CAA /* Shared */,
				4BADA41D2AAA2D3D007B3DFC /* XCOrnamentInventory */,
				4BADA4312AAA3BCA007B3DFC /* XCOrnamentInventoryVision */,
				4BADA4322AAA3BCA007B3DFC /* Packages */,
				4BADA41C2AAA2D3D007B3DFC /* Products */,
				4BADA4432AAA3D95007B3DFC /* Frameworks */,
			);
			sourceTree = "<group>";
		};
		4BADA41C2AAA2D3D007B3DFC /* Products */ = {
			isa = PBXGroup;
			children = (
				4BADA41B2AAA2D3D007B3DFC /* XCOrnamentInventory.app */,
				4BADA4302AAA3BCA007B3DFC /* XCOrnamentInventoryVision.app */,
			);
			name = Products;
			sourceTree = "<group>";
		};
		4BADA41D2AAA2D3D007B3DFC /* XCOrnamentInventory */ = {
			isa = PBXGroup;
			children = (
				4B6FD57B2AAB7F570053E5AF /* Observables */,
				4B413E102AAA59CA006E4CAA /* Views */,
				4B413DFF2AAA4BCC006E4CAA /* Info.plist */,
				4BADA41E2AAA2D3D007B3DFC /* XCOrnamentInventoryApp.swift */,
				4BADA4222AAA2D3F007B3DFC /* Assets.xcassets */,
				4BADA4502AAA3E99007B3DFC /* GoogleService-Info.plist */,
				4BADA4242AAA2D3F007B3DFC /* Preview Content */,
			);
			path = XCOrnamentInventory;
			sourceTree = "<group>";
		};
		4BADA4242AAA2D3F007B3DFC /* Preview Content */ = {
			isa = PBXGroup;
			children = (
				4BADA4252AAA2D3F007B3DFC /* Preview Assets.xcassets */,
			);
			path = "Preview Content";
			sourceTree = "<group>";
		};
		4BADA4312AAA3BCA007B3DFC /* XCOrnamentInventoryVision */ = {
			isa = PBXGroup;
			children = (
				4B413E002AAA4BF4006E4CAA /* Info.plist */,
				4BADA4362AAA3BCA007B3DFC /* XCOrnamentInventoryVisionApp.swift */,
				4BADA4382AAA3BCA007B3DFC /* ContentView.swift */,
				4BADA4522AAA3EF2007B3DFC /* GoogleService-Info.plist */,
				4BADA43A2AAA3BCD007B3DFC /* Assets.xcassets */,
				4BADA43C2AAA3BCD007B3DFC /* Preview Content */,
			);
			path = XCOrnamentInventoryVision;
			sourceTree = "<group>";
		};
		4BADA4322AAA3BCA007B3DFC /* Packages */ = {
			isa = PBXGroup;
			children = (
				4BADA4332AAA3BCA007B3DFC /* RealityKitContent */,
			);
			path = Packages;
			sourceTree = "<group>";
		};
		4BADA43C2AAA3BCD007B3DFC /* Preview Content */ = {
			isa = PBXGroup;
			children = (
				4BADA43D2AAA3BCD007B3DFC /* Preview Assets.xcassets */,
			);
			path = "Preview Content";
			sourceTree = "<group>";
		};
		4BADA4432AAA3D95007B3DFC /* Frameworks */ = {
			isa = PBXGroup;
			children = (
			);
			name = Frameworks;
			sourceTree = "<group>";
		};
/* End PBXGroup section */

/* Begin PBXNativeTarget section */
		4BADA41A2AAA2D3D007B3DFC /* XCOrnamentInventory */ = {
			isa = PBXNativeTarget;
			buildConfigurationList = 4BADA4292AAA2D3F007B3DFC /* Build configuration list for PBXNativeTarget "XCOrnamentInventory" */;
			buildPhases = (
				4BADA4172AAA2D3D007B3DFC /* Sources */,
				4BADA4182AAA2D3D007B3DFC /* Frameworks */,
				4BADA4192AAA2D3D007B3DFC /* Resources */,
			);
			buildRules = (
			);
			dependencies = (
			);
			name = XCOrnamentInventory;
			packageProductDependencies = (
				4BADA4442AAA3D95007B3DFC /* FirebaseFirestore */,
				4BADA4462AAA3D96007B3DFC /* FirebaseFirestoreSwift */,
				4BADA4482AAA3D96007B3DFC /* FirebaseStorage */,
			);
			productName = XCOrnamentInventory;
			productReference = 4BADA41B2AAA2D3D007B3DFC /* XCOrnamentInventory.app */;
			productType = "com.apple.product-type.application";
		};
		4BADA42F2AAA3BCA007B3DFC /* XCOrnamentInventoryVision */ = {
			isa = PBXNativeTarget;
			buildConfigurationList = 4BADA43F2AAA3BCD007B3DFC /* Build configuration list for PBXNativeTarget "XCOrnamentInventoryVision" */;
			buildPhases = (
				4BADA42C2AAA3BCA007B3DFC /* Sources */,
				4BADA42D2AAA3BCA007B3DFC /* Frameworks */,
				4BADA42E2AAA3BCA007B3DFC /* Resources */,
			);
			buildRules = (
			);
			dependencies = (
			);
			name = XCOrnamentInventoryVision;
			packageProductDependencies = (
				4BADA4342AAA3BCA007B3DFC /* RealityKitContent */,
				4BADA44A2AAA3DB0007B3DFC /* FirebaseFirestore */,
				4BADA44C2AAA3DB0007B3DFC /* FirebaseFirestoreSwift */,
				4BADA44E2AAA3DB0007B3DFC /* FirebaseStorage */,
			);
			productName = XCOrnamentInventoryVision;
			productReference = 4BADA4302AAA3BCA007B3DFC /* XCOrnamentInventoryVision.app */;
			productType = "com.apple.product-type.application";
		};
/* End PBXNativeTarget section */

/* Begin PBXProject section */
		4BADA4132AAA2D3C007B3DFC /* Project object */ = {
			isa = PBXProject;
			attributes = {
				BuildIndependentTargetsInParallel = 1;
				LastSwiftUpdateCheck = 1500;
				LastUpgradeCheck = 1500;
				TargetAttributes = {
					4BADA41A2AAA2D3D007B3DFC = {
						CreatedOnToolsVersion = 15.0;
					};
					4BADA42F2AAA3BCA007B3DFC = {
						CreatedOnToolsVersion = 15.0;
					};
				};
			};
			buildConfigurationList = 4BADA4162AAA2D3C007B3DFC /* Build configuration list for PBXProject "XCOrnamentInventory" */;
			compatibilityVersion = "Xcode 14.0";
			developmentRegion = en;
			hasScannedForEncodings = 0;
			knownRegions = (
				en,
				Base,
			);
			mainGroup = 4BADA4122AAA2D3C007B3DFC;
			packageReferences = (
				4BADA4422AAA3D59007B3DFC /* XCRemoteSwiftPackageReference "firebase-ios-sdk" */,
			);
			productRefGroup = 4BADA41C2AAA2D3D007B3DFC /* Products */;
			projectDirPath = "";
			projectRoot = "";
			targets = (
				4BADA41A2AAA2D3D007B3DFC /* XCOrnamentInventory */,
				4BADA42F2AAA3BCA007B3DFC /* XCOrnamentInventoryVision */,
			);
		};
/* End PBXProject section */

/* Begin PBXResourcesBuildPhase section */
		4BADA4192AAA2D3D007B3DFC /* Resources */ = {
			isa = PBXResourcesBuildPhase;
			buildActionMask = 2147483647;
			files = (
				4BADA4262AAA2D3F007B3DFC /* Preview Assets.xcassets in Resources */,
				4BADA4232AAA2D3F007B3DFC /* Assets.xcassets in Resources */,
				4BADA4512AAA3E9A007B3DFC /* GoogleService-Info.plist in Resources */,
			);
			runOnlyForDeploymentPostprocessing = 0;
		};
		4BADA42E2AAA3BCA007B3DFC /* Resources */ = {
			isa = PBXResourcesBuildPhase;
			buildActionMask = 2147483647;
			files = (
				4BADA43E2AAA3BCD007B3DFC /* Preview Assets.xcassets in Resources */,
				4BADA43B2AAA3BCD007B3DFC /* Assets.xcassets in Resources */,
				4BADA4532AAA3EF2007B3DFC /* GoogleService-Info.plist in Resources */,
			);
			runOnlyForDeploymentPostprocessing = 0;
		};
/* End PBXResourcesBuildPhase section */

/* Begin PBXSourcesBuildPhase section */
		4BADA4172AAA2D3D007B3DFC /* Sources */ = {
			isa = PBXSourcesBuildPhase;
			buildActionMask = 2147483647;
			files = (
				4B413E032AAA4C5C006E4CAA /* AppDelegate.swift in Sources */,
				4BADA41F2AAA2D3D007B3DFC /* XCOrnamentInventoryApp.swift in Sources */,
				4B6FD57D2AAB7F720053E5AF /* InventoryFormVM.swift in Sources */,
				4B413E0B2AAA52CB006E4CAA /* InventoryListVM.swift in Sources */,
				4B413E0E2AAA5423006E4CAA /* String+Extension.swift in Sources */,
				4B413E072AAA4F15006E4CAA /* InventoryItem.swift in Sources */,
				4B413E122AAA59DE006E4CAA /* InventoryListView.swift in Sources */,
				4B6FD57A2AAB7F3A0053E5AF /* InventoryFormView.swift in Sources */,
			);
			runOnlyForDeploymentPostprocessing = 0;
		};
		4BADA42C2AAA3BCA007B3DFC /* Sources */ = {
			isa = PBXSourcesBuildPhase;
			buildActionMask = 2147483647;
			files = (
				4B413E042AAA4C5C006E4CAA /* AppDelegate.swift in Sources */,
				4BADA4392AAA3BCA007B3DFC /* ContentView.swift in Sources */,
				4BADA4372AAA3BCA007B3DFC /* XCOrnamentInventoryVisionApp.swift in Sources */,
				4B413E0C2AAA52CB006E4CAA /* InventoryListVM.swift in Sources */,
				4B413E0F2AAA5423006E4CAA /* String+Extension.swift in Sources */,
				4B413E082AAA4F15006E4CAA /* InventoryItem.swift in Sources */,
			);
			runOnlyForDeploymentPostprocessing = 0;
		};
/* End PBXSourcesBuildPhase section */

/* Begin XCBuildConfiguration section */
		4BADA4272AAA2D3F007B3DFC /* Debug */ = {
			isa = XCBuildConfiguration;
			buildSettings = {
				ALWAYS_SEARCH_USER_PATHS = NO;
				ASSETCATALOG_COMPILER_GENERATE_SWIFT_ASSET_SYMBOL_EXTENSIONS = YES;
				CLANG_ANALYZER_NONNULL = YES;
				CLANG_ANALYZER_NUMBER_OBJECT_CONVERSION = YES_AGGRESSIVE;
				CLANG_CXX_LANGUAGE_STANDARD = "gnu++20";
				CLANG_ENABLE_MODULES = YES;
				CLANG_ENABLE_OBJC_ARC = YES;
				CLANG_ENABLE_OBJC_WEAK = YES;
				CLANG_WARN_BLOCK_CAPTURE_AUTORELEASING = YES;
				CLANG_WARN_BOOL_CONVERSION = YES;
				CLANG_WARN_COMMA = YES;
				CLANG_WARN_CONSTANT_CONVERSION = YES;
				CLANG_WARN_DEPRECATED_OBJC_IMPLEMENTATIONS = YES;
				CLANG_WARN_DIRECT_OBJC_ISA_USAGE = YES_ERROR;
				CLANG_WARN_DOCUMENTATION_COMMENTS = YES;
				CLANG_WARN_EMPTY_BODY = YES;
				CLANG_WARN_ENUM_CONVERSION = YES;
				CLANG_WARN_INFINITE_RECURSION = YES;
				CLANG_WARN_INT_CONVERSION = YES;
				CLANG_WARN_NON_LITERAL_NULL_CONVERSION = YES;
				CLANG_WARN_OBJC_IMPLICIT_RETAIN_SELF = YES;
				CLANG_WARN_OBJC_LITERAL_CONVERSION = YES;
				CLANG_WARN_OBJC_ROOT_CLASS = YES_ERROR;
				CLANG_WARN_QUOTED_INCLUDE_IN_FRAMEWORK_HEADER = YES;
				CLANG_WARN_RANGE_LOOP_ANALYSIS = YES;
				CLANG_WARN_STRICT_PROTOTYPES = YES;
				CLANG_WARN_SUSPICIOUS_MOVE = YES;
				CLANG_WARN_UNGUARDED_AVAILABILITY = YES_AGGRESSIVE;
				CLANG_WARN_UNREACHABLE_CODE = YES;
				CLANG_WARN__DUPLICATE_METHOD_MATCH = YES;
				COPY_PHASE_STRIP = NO;
				DEBUG_INFORMATION_FORMAT = dwarf;
				ENABLE_STRICT_OBJC_MSGSEND = YES;
				ENABLE_TESTABILITY = YES;
				ENABLE_USER_SCRIPT_SANDBOXING = YES;
				GCC_C_LANGUAGE_STANDARD = gnu17;
				GCC_DYNAMIC_NO_PIC = NO;
				GCC_NO_COMMON_BLOCKS = YES;
				GCC_OPTIMIZATION_LEVEL = 0;
				GCC_PREPROCESSOR_DEFINITIONS = (
					"DEBUG=1",
					"$(inherited)",
				);
				GCC_WARN_64_TO_32_BIT_CONVERSION = YES;
				GCC_WARN_ABOUT_RETURN_TYPE = YES_ERROR;
				GCC_WARN_UNDECLARED_SELECTOR = YES;
				GCC_WARN_UNINITIALIZED_AUTOS = YES_AGGRESSIVE;
				GCC_WARN_UNUSED_FUNCTION = YES;
				GCC_WARN_UNUSED_VARIABLE = YES;
				IPHONEOS_DEPLOYMENT_TARGET = 17.0;
				LOCALIZATION_PREFERS_STRING_CATALOGS = YES;
				MTL_ENABLE_DEBUG_INFO = INCLUDE_SOURCE;
				MTL_FAST_MATH = YES;
				ONLY_ACTIVE_ARCH = YES;
				SDKROOT = iphoneos;
				SWIFT_ACTIVE_COMPILATION_CONDITIONS = "DEBUG $(inherited)";
				SWIFT_OPTIMIZATION_LEVEL = "-Onone";
			};
			name = Debug;
		};
		4BADA4282AAA2D3F007B3DFC /* Release */ = {
			isa = XCBuildConfiguration;
			buildSettings = {
				ALWAYS_SEARCH_USER_PATHS = NO;
				ASSETCATALOG_COMPILER_GENERATE_SWIFT_ASSET_SYMBOL_EXTENSIONS = YES;
				CLANG_ANALYZER_NONNULL = YES;
				CLANG_ANALYZER_NUMBER_OBJECT_CONVERSION = YES_AGGRESSIVE;
				CLANG_CXX_LANGUAGE_STANDARD = "gnu++20";
				CLANG_ENABLE_MODULES = YES;
				CLANG_ENABLE_OBJC_ARC = YES;
				CLANG_ENABLE_OBJC_WEAK = YES;
				CLANG_WARN_BLOCK_CAPTURE_AUTORELEASING = YES;
				CLANG_WARN_BOOL_CONVERSION = YES;
				CLANG_WARN_COMMA = YES;
				CLANG_WARN_CONSTANT_CONVERSION = YES;
				CLANG_WARN_DEPRECATED_OBJC_IMPLEMENTATIONS = YES;
				CLANG_WARN_DIRECT_OBJC_ISA_USAGE = YES_ERROR;
				CLANG_WARN_DOCUMENTATION_COMMENTS = YES;
				CLANG_WARN_EMPTY_BODY = YES;
				CLANG_WARN_ENUM_CONVERSION = YES;
				CLANG_WARN_INFINITE_RECURSION = YES;
				CLANG_WARN_INT_CONVERSION = YES;
				CLANG_WARN_NON_LITERAL_NULL_CONVERSION = YES;
				CLANG_WARN_OBJC_IMPLICIT_RETAIN_SELF = YES;
				CLANG_WARN_OBJC_LITERAL_CONVERSION = YES;
				CLANG_WARN_OBJC_ROOT_CLASS = YES_ERROR;
				CLANG_WARN_QUOTED_INCLUDE_IN_FRAMEWORK_HEADER = YES;
				CLANG_WARN_RANGE_LOOP_ANALYSIS = YES;
				CLANG_WARN_STRICT_PROTOTYPES = YES;
				CLANG_WARN_SUSPICIOUS_MOVE = YES;
				CLANG_WARN_UNGUARDED_AVAILABILITY = YES_AGGRESSIVE;
				CLANG_WARN_UNREACHABLE_CODE = YES;
				CLANG_WARN__DUPLICATE_METHOD_MATCH = YES;
				COPY_PHASE_STRIP = NO;
				DEBUG_INFORMATION_FORMAT = "dwarf-with-dsym";
				ENABLE_NS_ASSERTIONS = NO;
				ENABLE_STRICT_OBJC_MSGSEND = YES;
				ENABLE_USER_SCRIPT_SANDBOXING = YES;
				GCC_C_LANGUAGE_STANDARD = gnu17;
				GCC_NO_COMMON_BLOCKS = YES;
				GCC_WARN_64_TO_32_BIT_CONVERSION = YES;
				GCC_WARN_ABOUT_RETURN_TYPE = YES_ERROR;
				GCC_WARN_UNDECLARED_SELECTOR = YES;
				GCC_WARN_UNINITIALIZED_AUTOS = YES_AGGRESSIVE;
				GCC_WARN_UNUSED_FUNCTION = YES;
				GCC_WARN_UNUSED_VARIABLE = YES;
				IPHONEOS_DEPLOYMENT_TARGET = 17.0;
				LOCALIZATION_PREFERS_STRING_CATALOGS = YES;
				MTL_ENABLE_DEBUG_INFO = NO;
				MTL_FAST_MATH = YES;
				SDKROOT = iphoneos;
				SWIFT_COMPILATION_MODE = wholemodule;
				VALIDATE_PRODUCT = YES;
			};
			name = Release;
		};
		4BADA42A2AAA2D3F007B3DFC /* Debug */ = {
			isa = XCBuildConfiguration;
			buildSettings = {
				ASSETCATALOG_COMPILER_APPICON_NAME = AppIcon;
				ASSETCATALOG_COMPILER_GLOBAL_ACCENT_COLOR_NAME = AccentColor;
				CODE_SIGN_STYLE = Automatic;
				CURRENT_PROJECT_VERSION = 1;
				DEVELOPMENT_ASSET_PATHS = "\"XCOrnamentInventory/Preview Content\"";
				DEVELOPMENT_TEAM = 3RQAYNAD56;
				ENABLE_PREVIEWS = YES;
				GENERATE_INFOPLIST_FILE = YES;
				INFOPLIST_FILE = XCOrnamentInventory/Info.plist;
				INFOPLIST_KEY_NSCameraUsageDescription = "This app uses the camera to scan objects";
				INFOPLIST_KEY_UIApplicationSceneManifest_Generation = YES;
				INFOPLIST_KEY_UIApplicationSupportsIndirectInputEvents = YES;
				INFOPLIST_KEY_UILaunchScreen_Generation = YES;
				INFOPLIST_KEY_UISupportedInterfaceOrientations_iPad = "UIInterfaceOrientationPortrait UIInterfaceOrientationPortraitUpsideDown UIInterfaceOrientationLandscapeLeft UIInterfaceOrientationLandscapeRight";
				INFOPLIST_KEY_UISupportedInterfaceOrientations_iPhone = "UIInterfaceOrientationPortrait UIInterfaceOrientationLandscapeLeft UIInterfaceOrientationLandscapeRight";
				LD_RUNPATH_SEARCH_PATHS = (
					"$(inherited)",
					"@executable_path/Frameworks",
				);
				MARKETING_VERSION = 1.0;
				PRODUCT_BUNDLE_IDENTIFIER = com.bsc.XCOrnamentInventory;
				PRODUCT_NAME = "$(TARGET_NAME)";
				SWIFT_EMIT_LOC_STRINGS = YES;
				SWIFT_VERSION = 5.0;
				TARGETED_DEVICE_FAMILY = "1,2";
			};
			name = Debug;
		};
		4BADA42B2AAA2D3F007B3DFC /* Release */ = {
			isa = XCBuildConfiguration;
			buildSettings = {
				ASSETCATALOG_COMPILER_APPICON_NAME = AppIcon;
				ASSETCATALOG_COMPILER_GLOBAL_ACCENT_COLOR_NAME = AccentColor;
				CODE_SIGN_STYLE = Automatic;
				CURRENT_PROJECT_VERSION = 1;
				DEVELOPMENT_ASSET_PATHS = "\"XCOrnamentInventory/Preview Content\"";
				DEVELOPMENT_TEAM = 3RQAYNAD56;
				ENABLE_PREVIEWS = YES;
				GENERATE_INFOPLIST_FILE = YES;
				INFOPLIST_FILE = XCOrnamentInventory/Info.plist;
				INFOPLIST_KEY_NSCameraUsageDescription = "This app uses the camera to scan objects";
				INFOPLIST_KEY_UIApplicationSceneManifest_Generation = YES;
				INFOPLIST_KEY_UIApplicationSupportsIndirectInputEvents = YES;
				INFOPLIST_KEY_UILaunchScreen_Generation = YES;
				INFOPLIST_KEY_UISupportedInterfaceOrientations_iPad = "UIInterfaceOrientationPortrait UIInterfaceOrientationPortraitUpsideDown UIInterfaceOrientationLandscapeLeft UIInterfaceOrientationLandscapeRight";
				INFOPLIST_KEY_UISupportedInterfaceOrientations_iPhone = "UIInterfaceOrientationPortrait UIInterfaceOrientationLandscapeLeft UIInterfaceOrientationLandscapeRight";
				LD_RUNPATH_SEARCH_PATHS = (
					"$(inherited)",
					"@executable_path/Frameworks",
				);
				MARKETING_VERSION = 1.0;
				PRODUCT_BUNDLE_IDENTIFIER = com.bsc.XCOrnamentInventory;
				PRODUCT_NAME = "$(TARGET_NAME)";
				SWIFT_EMIT_LOC_STRINGS = YES;
				SWIFT_VERSION = 5.0;
				TARGETED_DEVICE_FAMILY = "1,2";
			};
			name = Release;
		};
		4BADA4402AAA3BCD007B3DFC /* Debug */ = {
			isa = XCBuildConfiguration;
			buildSettings = {
				ASSETCATALOG_COMPILER_APPICON_NAME = AppIcon;
				ASSETCATALOG_COMPILER_GLOBAL_ACCENT_COLOR_NAME = AccentColor;
				CODE_SIGN_STYLE = Automatic;
				CURRENT_PROJECT_VERSION = 1;
				DEVELOPMENT_ASSET_PATHS = "\"XCOrnamentInventoryVision/Preview Content\"";
				DEVELOPMENT_TEAM = 3RQAYNAD56;
				ENABLE_PREVIEWS = YES;
				GENERATE_INFOPLIST_FILE = YES;
				INFOPLIST_FILE = XCOrnamentInventoryVision/Info.plist;
				INFOPLIST_KEY_CFBundleDisplayName = "";
				INFOPLIST_KEY_LSApplicationCategoryType = "";
				INFOPLIST_KEY_UIApplicationSceneManifest_Generation = YES;
				LD_RUNPATH_SEARCH_PATHS = (
					"$(inherited)",
					"@executable_path/Frameworks",
				);
				MARKETING_VERSION = 1.0;
				PRODUCT_BUNDLE_IDENTIFIER = com.bsc.XCOrnamentInventoryVision;
				PRODUCT_NAME = "$(TARGET_NAME)";
				SDKROOT = xros;
				SUPPORTED_PLATFORMS = "xros xrsimulator";
				SWIFT_EMIT_LOC_STRINGS = YES;
				SWIFT_VERSION = 5.0;
				TARGETED_DEVICE_FAMILY = "1,2,7";
				XROS_DEPLOYMENT_TARGET = 1.0;
			};
			name = Debug;
		};
		4BADA4412AAA3BCD007B3DFC /* Release */ = {
			isa = XCBuildConfiguration;
			buildSettings = {
				ASSETCATALOG_COMPILER_APPICON_NAME = AppIcon;
				ASSETCATALOG_COMPILER_GLOBAL_ACCENT_COLOR_NAME = AccentColor;
				CODE_SIGN_STYLE = Automatic;
				CURRENT_PROJECT_VERSION = 1;
				DEVELOPMENT_ASSET_PATHS = "\"XCOrnamentInventoryVision/Preview Content\"";
				DEVELOPMENT_TEAM = 3RQAYNAD56;
				ENABLE_PREVIEWS = YES;
				GENERATE_INFOPLIST_FILE = YES;
				INFOPLIST_FILE = XCOrnamentInventoryVision/Info.plist;
				INFOPLIST_KEY_CFBundleDisplayName = "";
				INFOPLIST_KEY_LSApplicationCategoryType = "";
				INFOPLIST_KEY_UIApplicationSceneManifest_Generation = YES;
				LD_RUNPATH_SEARCH_PATHS = (
					"$(inherited)",
					"@executable_path/Frameworks",
				);
				MARKETING_VERSION = 1.0;
				PRODUCT_BUNDLE_IDENTIFIER = com.bsc.XCOrnamentInventoryVision;
				PRODUCT_NAME = "$(TARGET_NAME)";
				SDKROOT = xros;
				SUPPORTED_PLATFORMS = "xros xrsimulator";
				SWIFT_EMIT_LOC_STRINGS = YES;
				SWIFT_VERSION = 5.0;
				TARGETED_DEVICE_FAMILY = "1,2,7";
				XROS_DEPLOYMENT_TARGET = 1.0;
			};
			name = Release;
		};
/* End XCBuildConfiguration section */

/* Begin XCConfigurationList section */
		4BADA4162AAA2D3C007B3DFC /* Build configuration list for PBXProject "XCOrnamentInventory" */ = {
			isa = XCConfigurationList;
			buildConfigurations = (
				4BADA4272AAA2D3F007B3DFC /* Debug */,
				4BADA4282AAA2D3F007B3DFC /* Release */,
			);
			defaultConfigurationIsVisible = 0;
			defaultConfigurationName = Release;
		};
		4BADA4292AAA2D3F007B3DFC /* Build configuration list for PBXNativeTarget "XCOrnamentInventory" */ = {
			isa = XCConfigurationList;
			buildConfigurations = (
				4BADA42A2AAA2D3F007B3DFC /* Debug */,
				4BADA42B2AAA2D3F007B3DFC /* Release */,
			);
			defaultConfigurationIsVisible = 0;
			defaultConfigurationName = Release;
		};
		4BADA43F2AAA3BCD007B3DFC /* Build configuration list for PBXNativeTarget "XCOrnamentInventoryVision" */ = {
			isa = XCConfigurationList;
			buildConfigurations = (
				4BADA4402AAA3BCD007B3DFC /* Debug */,
				4BADA4412AAA3BCD007B3DFC /* Release */,
			);
			defaultConfigurationIsVisible = 0;
			defaultConfigurationName = Release;
		};
/* End XCConfigurationList section */

/* Begin XCRemoteSwiftPackageReference section */
		4BADA4422AAA3D59007B3DFC /* XCRemoteSwiftPackageReference "firebase-ios-sdk" */ = {
			isa = XCRemoteSwiftPackageReference;
			repositoryURL = "https://github.com/firebase/firebase-ios-sdk.git";
			requirement = {
				kind = upToNextMajorVersion;
				minimumVersion = 10.13.0;
			};
		};
/* End XCRemoteSwiftPackageReference section */

/* Begin XCSwiftPackageProductDependency section */
		4BADA4342AAA3BCA007B3DFC /* RealityKitContent */ = {
			isa = XCSwiftPackageProductDependency;
			productName = RealityKitContent;
		};
		4BADA4442AAA3D95007B3DFC /* FirebaseFirestore */ = {
			isa = XCSwiftPackageProductDependency;
			package = 4BADA4422AAA3D59007B3DFC /* XCRemoteSwiftPackageReference "firebase-ios-sdk" */;
			productName = FirebaseFirestore;
		};
		4BADA4462AAA3D96007B3DFC /* FirebaseFirestoreSwift */ = {
			isa = XCSwiftPackageProductDependency;
			package = 4BADA4422AAA3D59007B3DFC /* XCRemoteSwiftPackageReference "firebase-ios-sdk" */;
			productName = FirebaseFirestoreSwift;
		};
		4BADA4482AAA3D96007B3DFC /* FirebaseStorage */ = {
			isa = XCSwiftPackageProductDependency;
			package = 4BADA4422AAA3D59007B3DFC /* XCRemoteSwiftPackageReference "firebase-ios-sdk" */;
			productName = FirebaseStorage;
		};
		4BADA44A2AAA3DB0007B3DFC /* FirebaseFirestore */ = {
			isa = XCSwiftPackageProductDependency;
			package = 4BADA4422AAA3D59007B3DFC /* XCRemoteSwiftPackageReference "firebase-ios-sdk" */;
			productName = FirebaseFirestore;
		};
		4BADA44C2AAA3DB0007B3DFC /* FirebaseFirestoreSwift */ = {
			isa = XCSwiftPackageProductDependency;
			package = 4BADA4422AAA3D59007B3DFC /* XCRemoteSwiftPackageReference "firebase-ios-sdk" */;
			productName = FirebaseFirestoreSwift;
		};
		4BADA44E2AAA3DB0007B3DFC /* FirebaseStorage */ = {
			isa = XCSwiftPackageProductDependency;
			package = 4BADA4422AAA3D59007B3DFC /* XCRemoteSwiftPackageReference "firebase-ios-sdk" */;
			productName = FirebaseStorage;
		};
/* End XCSwiftPackageProductDependency section */
	};
	rootObject = 4BADA4132AAA2D3C007B3DFC /* Project object */;
}
